
Microsoft Visual Studio Solution File, Format Version 12.00
# Visual Studio Version 17
VisualStudioVersion = 17.8.34330.188
MinimumVisualStudioVersion = 10.0.40219.1
Project("{FAE04EC0-301F-11D3-BF4B-00C04F79EFBC}") = "VjezbaOcjena2", "VjezbaOcjena2\VjezbaOcjena2.csproj", "{F33A189B-7E5E-4685-8702-2B8B48DF07C9}"
EndProject
Global
	GlobalSection(SolutionConfigurationPlatforms) = preSolution
		Debug|Any CPU = Debug|Any CPU
		Release|Any CPU = Release|Any CPU
	EndGlobalSection
	GlobalSection(ProjectConfigurationPlatforms) = postSolution
		{F33A189B-7E5E-4685-8702-2B8B48DF07C9}.Debug|Any CPU.ActiveCfg = Debug|Any CPU
		{F33A189B-7E5E-4685-8702-2B8B48DF07C9}.Debug|Any CPU.Build.0 = Debug|Any CPU
		{F33A189B-7E5E-4685-8702-2B8B48DF07C9}.Release|Any CPU.ActiveCfg = Release|Any CPU
		{F33A189B-7E5E-4685-8702-2B8B48DF07C9}.Release|Any CPU.Build.0 = Release|Any CPU
	EndGlobalSection
	GlobalSection(SolutionProperties) = preSolution
		HideSolutionNode = FALSE
	EndGlobalSection
	GlobalSection(ExtensibilityGlobals) = postSolution
		SolutionGuid = {310FB983-FEC8-4860-8067-6E6A86CD98A1}
	EndGlobalSection
EndGlobal
